
Microsoft Visual Studio Solution File, Format Version 12.00
# Visual Studio Version 17
VisualStudioVersion = 17.7.34031.279
MinimumVisualStudioVersion = 10.0.40219.1
Project("{FAE04EC0-301F-11D3-BF4B-00C04F79EFBC}") = "temperature_analysis", "temperature_analysis.csproj", "{68F1CF6C-D530-44B2-8E3A-50FA90849BFB}"
EndProject
Global
	GlobalSection(SolutionConfigurationPlatforms) = preSolution
		Debug|Any CPU = Debug|Any CPU
		Release|Any CPU = Release|Any CPU
	EndGlobalSection
	GlobalSection(ProjectConfigurationPlatforms) = postSolution
		{68F1CF6C-D530-44B2-8E3A-50FA90849BFB}.Debug|Any CPU.ActiveCfg = Debug|Any CPU
		{68F1CF6C-D530-44B2-8E3A-50FA90849BFB}.Debug|Any CPU.Build.0 = Debug|Any CPU
		{68F1CF6C-D530-44B2-8E3A-50FA90849BFB}.Release|Any CPU.ActiveCfg = Release|Any CPU
		{68F1CF6C-D530-44B2-8E3A-50FA90849BFB}.Release|Any CPU.Build.0 = Release|Any CPU
	EndGlobalSection
	GlobalSection(SolutionProperties) = preSolution
		HideSolutionNode = FALSE
	EndGlobalSection
	GlobalSection(ExtensibilityGlobals) = postSolution
		SolutionGuid = {4877993F-C263-4FDF-95D9-8D647C6686DD}
	EndGlobalSection
EndGlobal
